
Microsoft Visual Studio Solution File, Format Version 12.00
# Visual Studio 14
VisualStudioVersion = 14.0.25420.1
MinimumVisualStudioVersion = 10.0.40219.1
Project("{FAE04EC0-301F-11D3-BF4B-00C04F79EFBC}") = "SalaryCalculator", "SalaryCalculator\SalaryCalculator.csproj", "{4270E92F-8CD8-42FC-BEF3-591560E24E91}"
EndProject
Project("{FAE04EC0-301F-11D3-BF4B-00C04F79EFBC}") = "SalaryCalculatorTests", "SalaryCalculatorTests\SalaryCalculatorTests.csproj", "{AF7C9766-9B9E-4F0E-A610-C96C8349B802}"
EndProject
Global
	GlobalSection(SolutionConfigurationPlatforms) = preSolution
		Debug|Any CPU = Debug|Any CPU
		Release|Any CPU = Release|Any CPU
	EndGlobalSection
	GlobalSection(ProjectConfigurationPlatforms) = postSolution
		{4270E92F-8CD8-42FC-BEF3-591560E24E91}.Debug|Any CPU.ActiveCfg = Debug|Any CPU
		{4270E92F-8CD8-42FC-BEF3-591560E24E91}.Debug|Any CPU.Build.0 = Debug|Any CPU
		{4270E92F-8CD8-42FC-BEF3-591560E24E91}.Release|Any CPU.ActiveCfg = Release|Any CPU
		{4270E92F-8CD8-42FC-BEF3-591560E24E91}.Release|Any CPU.Build.0 = Release|Any CPU
		{AF7C9766-9B9E-4F0E-A610-C96C8349B802}.Debug|Any CPU.ActiveCfg = Debug|Any CPU
		{AF7C9766-9B9E-4F0E-A610-C96C8349B802}.Debug|Any CPU.Build.0 = Debug|Any CPU
		{AF7C9766-9B9E-4F0E-A610-C96C8349B802}.Release|Any CPU.ActiveCfg = Release|Any CPU
		{AF7C9766-9B9E-4F0E-A610-C96C8349B802}.Release|Any CPU.Build.0 = Release|Any CPU
	EndGlobalSection
	GlobalSection(SolutionProperties) = preSolution
		HideSolutionNode = FALSE
	EndGlobalSection
EndGlobal
